// !$*UTF8*$!
{
	archiveVersion = 1;
	classes = {
	};
	objectVersion = 50;
	objects = {

/* Begin PBXBuildFile section */
		D22870D223FEAD56005297F2 /* AppDelegate.m in Sources */ = {isa = PBXBuildFile; fileRef = D22870D123FEAD56005297F2 /* AppDelegate.m */; };
		D22870D823FEAD56005297F2 /* GameViewController.m in Sources */ = {isa = PBXBuildFile; fileRef = D22870D723FEAD56005297F2 /* GameViewController.m */; };
		D22870DA23FEAD56005297F2 /* Shaders.metal in Sources */ = {isa = PBXBuildFile; fileRef = D22870D923FEAD56005297F2 /* Shaders.metal */; };
		D22870DE23FEAD56005297F2 /* Main.storyboard in Resources */ = {isa = PBXBuildFile; fileRef = D22870DC23FEAD56005297F2 /* Main.storyboard */; };
		D22870E023FEAD59005297F2 /* Assets.xcassets in Resources */ = {isa = PBXBuildFile; fileRef = D22870DF23FEAD59005297F2 /* Assets.xcassets */; };
		D22870E323FEAD59005297F2 /* LaunchScreen.storyboard in Resources */ = {isa = PBXBuildFile; fileRef = D22870E123FEAD59005297F2 /* LaunchScreen.storyboard */; };
		D22870E623FEAD59005297F2 /* main.m in Sources */ = {isa = PBXBuildFile; fileRef = D22870E523FEAD59005297F2 /* main.m */; };
		D22870F123FEADE5005297F2 /* Renderer.m in Sources */ = {isa = PBXBuildFile; fileRef = D22870F023FEADE5005297F2 /* Renderer.m */; };
/* End PBXBuildFile section */

/* Begin PBXFileReference section */
		D22870CD23FEAD56005297F2 /* VertexDescriptor.app */ = {isa = PBXFileReference; explicitFileType = wrapper.application; includeInIndex = 0; path = VertexDescriptor.app; sourceTree = BUILT_PRODUCTS_DIR; };
		D22870D023FEAD56005297F2 /* AppDelegate.h */ = {isa = PBXFileReference; lastKnownFileType = sourcecode.c.h; path = AppDelegate.h; sourceTree = "<group>"; };
		D22870D123FEAD56005297F2 /* AppDelegate.m */ = {isa = PBXFileReference; lastKnownFileType = sourcecode.c.objc; path = AppDelegate.m; sourceTree = "<group>"; };
		D22870D623FEAD56005297F2 /* GameViewController.h */ = {isa = PBXFileReference; lastKnownFileType = sourcecode.c.h; path = GameViewController.h; sourceTree = "<group>"; };
		D22870D723FEAD56005297F2 /* GameViewController.m */ = {isa = PBXFileReference; lastKnownFileType = sourcecode.c.objc; path = GameViewController.m; sourceTree = "<group>"; };
		D22870D923FEAD56005297F2 /* Shaders.metal */ = {isa = PBXFileReference; lastKnownFileType = sourcecode.metal; path = Shaders.metal; sourceTree = "<group>"; };
		D22870DB23FEAD56005297F2 /* ShaderTypes.h */ = {isa = PBXFileReference; lastKnownFileType = sourcecode.c.h; path = ShaderTypes.h; sourceTree = "<group>"; };
		D22870DD23FEAD56005297F2 /* Base */ = {isa = PBXFileReference; lastKnownFileType = file.storyboard; name = Base; path = Base.lproj/Main.storyboard; sourceTree = "<group>"; };
		D22870DF23FEAD59005297F2 /* Assets.xcassets */ = {isa = PBXFileReference; lastKnownFileType = folder.assetcatalog; path = Assets.xcassets; sourceTree = "<group>"; };
		D22870E223FEAD59005297F2 /* Base */ = {isa = PBXFileReference; lastKnownFileType = file.storyboard; name = Base; path = Base.lproj/LaunchScreen.storyboard; sourceTree = "<group>"; };
		D22870E423FEAD59005297F2 /* Info.plist */ = {isa = PBXFileReference; lastKnownFileType = text.plist.xml; path = Info.plist; sourceTree = "<group>"; };
		D22870E523FEAD59005297F2 /* main.m */ = {isa = PBXFileReference; lastKnownFileType = sourcecode.c.objc; path = main.m; sourceTree = "<group>"; };
		D22870EF23FEADE5005297F2 /* Renderer.h */ = {isa = PBXFileReference; fileEncoding = 4; lastKnownFileType = sourcecode.c.h; path = Renderer.h; sourceTree = "<group>"; };
		D22870F023FEADE5005297F2 /* Renderer.m */ = {isa = PBXFileReference; fileEncoding = 4; lastKnownFileType = sourcecode.c.objc; path = Renderer.m; sourceTree = "<group>"; };
/* End PBXFileReference section */

/* Begin PBXFrameworksBuildPhase section */
		D22870CA23FEAD56005297F2 /* Frameworks */ = {
			isa = PBXFrameworksBuildPhase;
			buildActionMask = 2147483647;
			files = (
			);
			runOnlyForDeploymentPostprocessing = 0;
		};
/* End PBXFrameworksBuildPhase section */

/* Begin PBXGroup section */
		D22870C423FEAD56005297F2 = {
			isa = PBXGroup;
			children = (
				D22870CF23FEAD56005297F2 /* VertexDescriptor */,
				D22870CE23FEAD56005297F2 /* Products */,
			);
			sourceTree = "<group>";
		};
		D22870CE23FEAD56005297F2 /* Products */ = {
			isa = PBXGroup;
			children = (
				D22870CD23FEAD56005297F2 /* VertexDescriptor.app */,
			);
			name = Products;
			sourceTree = "<group>";
		};
		D22870CF23FEAD56005297F2 /* VertexDescriptor */ = {
			isa = PBXGroup;
			children = (
				D22870D023FEAD56005297F2 /* AppDelegate.h */,
				D22870D123FEAD56005297F2 /* AppDelegate.m */,
				D22870D623FEAD56005297F2 /* GameViewController.h */,
				D22870D723FEAD56005297F2 /* GameViewController.m */,
				D22870EF23FEADE5005297F2 /* Renderer.h */,
				D22870F023FEADE5005297F2 /* Renderer.m */,
				D22870D923FEAD56005297F2 /* Shaders.metal */,
				D22870DB23FEAD56005297F2 /* ShaderTypes.h */,
				D22870DC23FEAD56005297F2 /* Main.storyboard */,
				D22870DF23FEAD59005297F2 /* Assets.xcassets */,
				D22870E123FEAD59005297F2 /* LaunchScreen.storyboard */,
				D22870E423FEAD59005297F2 /* Info.plist */,
				D22870E523FEAD59005297F2 /* main.m */,
			);
			path = VertexDescriptor;
			sourceTree = "<group>";
		};
/* End PBXGroup section */

/* Begin PBXNativeTarget section */
		D22870CC23FEAD56005297F2 /* VertexDescriptor */ = {
			isa = PBXNativeTarget;
			buildConfigurationList = D22870E923FEAD59005297F2 /* Build configuration list for PBXNativeTarget "VertexDescriptor" */;
			buildPhases = (
				D22870C923FEAD56005297F2 /* Sources */,
				D22870CA23FEAD56005297F2 /* Frameworks */,
				D22870CB23FEAD56005297F2 /* Resources */,
			);
			buildRules = (
			);
			dependencies = (
			);
			name = VertexDescriptor;
			productName = Triangle;
			productReference = D22870CD23FEAD56005297F2 /* VertexDescriptor.app */;
			productType = "com.apple.product-type.application";
		};
/* End PBXNativeTarget section */

/* Begin PBXProject section */
		D22870C523FEAD56005297F2 /* Project object */ = {
			isa = PBXProject;
			attributes = {
				LastUpgradeCheck = 1110;
				ORGANIZATIONNAME = "Xinhou Jiang";
				TargetAttributes = {
					D22870CC23FEAD56005297F2 = {
						CreatedOnToolsVersion = 11.1;
					};
				};
			};
			buildConfigurationList = D22870C823FEAD56005297F2 /* Build configuration list for PBXProject "VertexDescriptor" */;
			compatibilityVersion = "Xcode 9.3";
			developmentRegion = en;
			hasScannedForEncodings = 0;
			knownRegions = (
				en,
				Base,
			);
			mainGroup = D22870C423FEAD56005297F2;
			productRefGroup = D22870CE23FEAD56005297F2 /* Products */;
			projectDirPath = "";
			projectRoot = "";
			targets = (
				D22870CC23FEAD56005297F2 /* VertexDescriptor */,
			);
		};
/* End PBXProject section */

/* Begin PBXResourcesBuildPhase section */
		D22870CB23FEAD56005297F2 /* Resources */ = {
			isa = PBXResourcesBuildPhase;
			buildActionMask = 2147483647;
			files = (
				D22870E323FEAD59005297F2 /* LaunchScreen.storyboard in Resources */,
				D22870E023FEAD59005297F2 /* Assets.xcassets in Resources */,
				D22870DE23FEAD56005297F2 /* Main.storyboard in Resources */,
			);
			runOnlyForDeploymentPostprocessing = 0;
		};
/* End PBXResourcesBuildPhase section */

/* Begin PBXSourcesBuildPhase section */
		D22870C923FEAD56005297F2 /* Sources */ = {
			isa = PBXSourcesBuildPhase;
			buildActionMask = 2147483647;
			files = (
				D22870E623FEAD59005297F2 /* main.m in Sources */,
				D22870DA23FEAD56005297F2 /* Shaders.metal in Sources */,
				D22870D823FEAD56005297F2 /* GameViewController.m in Sources */,
				D22870F123FEADE5005297F2 /* Renderer.m in Sources */,
				D22870D223FEAD56005297F2 /* AppDelegate.m in Sources */,
			);
			runOnlyForDeploymentPostprocessing = 0;
		};
/* End PBXSourcesBuildPhase section */

/* Begin PBXVariantGroup section */
		D22870DC23FEAD56005297F2 /* Main.storyboard */ = {
			isa = PBXVariantGroup;
			children = (
				D22870DD23FEAD56005297F2 /* Base */,
			);
			name = Main.storyboard;
			sourceTree = "<group>";
		};
		D22870E123FEAD59005297F2 /* LaunchScreen.storyboard */ = {
			isa = PBXVariantGroup;
			children = (
				D22870E223FEAD59005297F2 /* Base */,
			);
			name = LaunchScreen.storyboard;
			sourceTree = "<group>";
		};
/* End PBXVariantGroup section */

/* Begin XCBuildConfiguration section */
		D22870E723FEAD59005297F2 /* Debug */ = {
			isa = XCBuildConfiguration;
			buildSettings = {
				ALWAYS_SEARCH_USER_PATHS = NO;
				CLANG_ANALYZER_NONNULL = YES;
				CLANG_ANALYZER_NUMBER_OBJECT_CONVERSION = YES_AGGRESSIVE;
				CLANG_CXX_LANGUAGE_STANDARD = "gnu++14";
				CLANG_CXX_LIBRARY = "libc++";
				CLANG_ENABLE_MODULES = YES;
				CLANG_ENABLE_OBJC_ARC = YES;
				CLANG_ENABLE_OBJC_WEAK = YES;
				CLANG_WARN_BLOCK_CAPTURE_AUTORELEASING = YES;
				CLANG_WARN_BOOL_CONVERSION = YES;
				CLANG_WARN_COMMA = YES;
				CLANG_WARN_CONSTANT_CONVERSION = YES;
				CLANG_WARN_DEPRECATED_OBJC_IMPLEMENTATIONS = YES;
				CLANG_WARN_DIRECT_OBJC_ISA_USAGE = YES_ERROR;
				CLANG_WARN_DOCUMENTATION_COMMENTS = YES;
				CLANG_WARN_EMPTY_BODY = YES;
				CLANG_WARN_ENUM_CONVERSION = YES;
				CLANG_WARN_INFINITE_RECURSION = YES;
				CLANG_WARN_INT_CONVERSION = YES;
				CLANG_WARN_NON_LITERAL_NULL_CONVERSION = YES;
				CLANG_WARN_OBJC_IMPLICIT_RETAIN_SELF = YES;
				CLANG_WARN_OBJC_LITERAL_CONVERSION = YES;
				CLANG_WARN_OBJC_ROOT_CLASS = YES_ERROR;
				CLANG_WARN_RANGE_LOOP_ANALYSIS = YES;
				CLANG_WARN_STRICT_PROTOTYPES = YES;
				CLANG_WARN_SUSPICIOUS_MOVE = YES;
				CLANG_WARN_UNGUARDED_AVAILABILITY = YES_AGGRESSIVE;
				CLANG_WARN_UNREACHABLE_CODE = YES;
				CLANG_WARN__DUPLICATE_METHOD_MATCH = YES;
				COPY_PHASE_STRIP = NO;
				DEBUG_INFORMATION_FORMAT = dwarf;
				ENABLE_STRICT_OBJC_MSGSEND = YES;
				ENABLE_TESTABILITY = YES;
				GCC_C_LANGUAGE_STANDARD = gnu11;
				GCC_DYNAMIC_NO_PIC = NO;
				GCC_NO_COMMON_BLOCKS = YES;
				GCC_OPTIMIZATION_LEVEL = 0;
				GCC_PREPROCESSOR_DEFINITIONS = (
					"DEBUG=1",
					"$(inherited)",
				);
				GCC_WARN_64_TO_32_BIT_CONVERSION = YES;
				GCC_WARN_ABOUT_RETURN_TYPE = YES_ERROR;
				GCC_WARN_UNDECLARED_SELECTOR = YES;
				GCC_WARN_UNINITIALIZED_AUTOS = YES_AGGRESSIVE;
				GCC_WARN_UNUSED_FUNCTION = YES;
				GCC_WARN_UNUSED_VARIABLE = YES;
				IPHONEOS_DEPLOYMENT_TARGET = 13.1;
				MTL_ENABLE_DEBUG_INFO = INCLUDE_SOURCE;
				MTL_FAST_MATH = YES;
				ONLY_ACTIVE_ARCH = YES;
				SDKROOT = iphoneos;
			};
			name = Debug;
		};
		D22870E823FEAD59005297F2 /* Release */ = {
			isa = XCBuildConfiguration;
			buildSettings = {
				ALWAYS_SEARCH_USER_PATHS = NO;
				CLANG_ANALYZER_NONNULL = YES;
				CLANG_ANALYZER_NUMBER_OBJECT_CONVERSION = YES_AGGRESSIVE;
				CLANG_CXX_LANGUAGE_STANDARD = "gnu++14";
				CLANG_CXX_LIBRARY = "libc++";
				CLANG_ENABLE_MODULES = YES;
				CLANG_ENABLE_OBJC_ARC = YES;
				CLANG_ENABLE_OBJC_WEAK = YES;
				CLANG_WARN_BLOCK_CAPTURE_AUTORELEASING = YES;
				CLANG_WARN_BOOL_CONVERSION = YES;
				CLANG_WARN_COMMA = YES;
				CLANG_WARN_CONSTANT_CONVERSION = YES;
				CLANG_WARN_DEPRECATED_OBJC_IMPLEMENTATIONS = YES;
				CLANG_WARN_DIRECT_OBJC_ISA_USAGE = YES_ERROR;
				CLANG_WARN_DOCUMENTATION_COMMENTS = YES;
				CLANG_WARN_EMPTY_BODY = YES;
				CLANG_WARN_ENUM_CONVERSION = YES;
				CLANG_WARN_INFINITE_RECURSION = YES;
				CLANG_WARN_INT_CONVERSION = YES;
				CLANG_WARN_NON_LITERAL_NULL_CONVERSION = YES;
				CLANG_WARN_OBJC_IMPLICIT_RETAIN_SELF = YES;
				CLANG_WARN_OBJC_LITERAL_CONVERSION = YES;
				CLANG_WARN_OBJC_ROOT_CLASS = YES_ERROR;
				CLANG_WARN_RANGE_LOOP_ANALYSIS = YES;
				CLANG_WARN_STRICT_PROTOTYPES = YES;
				CLANG_WARN_SUSPICIOUS_MOVE = YES;
				CLANG_WARN_UNGUARDED_AVAILABILITY = YES_AGGRESSIVE;
				CLANG_WARN_UNREACHABLE_CODE = YES;
				CLANG_WARN__DUPLICATE_METHOD_MATCH = YES;
				COPY_PHASE_STRIP = NO;
				DEBUG_INFORMATION_FORMAT = "dwarf-with-dsym";
				ENABLE_NS_ASSERTIONS = NO;
				ENABLE_STRICT_OBJC_MSGSEND = YES;
				GCC_C_LANGUAGE_STANDARD = gnu11;
				GCC_NO_COMMON_BLOCKS = YES;
				GCC_WARN_64_TO_32_BIT_CONVERSION = YES;
				GCC_WARN_ABOUT_RETURN_TYPE = YES_ERROR;
				GCC_WARN_UNDECLARED_SELECTOR = YES;
				GCC_WARN_UNINITIALIZED_AUTOS = YES_AGGRESSIVE;
				GCC_WARN_UNUSED_FUNCTION = YES;
				GCC_WARN_UNUSED_VARIABLE = YES;
				IPHONEOS_DEPLOYMENT_TARGET = 13.1;
				MTL_ENABLE_DEBUG_INFO = NO;
				MTL_FAST_MATH = YES;
				SDKROOT = iphoneos;
				VALIDATE_PRODUCT = YES;
			};
			name = Release;
		};
		D22870EA23FEAD59005297F2 /* Debug */ = {
			isa = XCBuildConfiguration;
			buildSettings = {
				ASSETCATALOG_COMPILER_APPICON_NAME = AppIcon;
				CODE_SIGN_STYLE = Automatic;
				DEVELOPMENT_TEAM = U3M62VJHXM;
				INFOPLIST_FILE = "$(SRCROOT)/VertexDescriptor/Info.plist";
				IPHONEOS_DEPLOYMENT_TARGET = 13.1;
				LD_RUNPATH_SEARCH_PATHS = (
					"$(inherited)",
					"@executable_path/Frameworks",
				);
				PRODUCT_BUNDLE_IDENTIFIER = jxh.VertexDes;
				PRODUCT_NAME = VertexDescriptor;
				TARGETED_DEVICE_FAMILY = "1,2";
			};
			name = Debug;
		};
		D22870EB23FEAD59005297F2 /* Release */ = {
			isa = XCBuildConfiguration;
			buildSettings = {
				ASSETCATALOG_COMPILER_APPICON_NAME = AppIcon;
				CODE_SIGN_STYLE = Automatic;
				DEVELOPMENT_TEAM = U3M62VJHXM;
				INFOPLIST_FILE = "$(SRCROOT)/VertexDescriptor/Info.plist";
				IPHONEOS_DEPLOYMENT_TARGET = 13.1;
				LD_RUNPATH_SEARCH_PATHS = (
					"$(inherited)",
					"@executable_path/Frameworks",
				);
				PRODUCT_BUNDLE_IDENTIFIER = jxh.VertexDes;
				PRODUCT_NAME = VertexDescriptor;
				TARGETED_DEVICE_FAMILY = "1,2";
			};
			name = Release;
		};
/* End XCBuildConfiguration section */

/* Begin XCConfigurationList section */
		D22870C823FEAD56005297F2 /* Build configuration list for PBXProject "VertexDescriptor" */ = {
			isa = XCConfigurationList;
			buildConfigurations = (
				D22870E723FEAD59005297F2 /* Debug */,
				D22870E823FEAD59005297F2 /* Release */,
			);
			defaultConfigurationIsVisible = 0;
			defaultConfigurationName = Release;
		};
		D22870E923FEAD59005297F2 /* Build configuration list for PBXNativeTarget "VertexDescriptor" */ = {
			isa = XCConfigurationList;
			buildConfigurations = (
				D22870EA23FEAD59005297F2 /* Debug */,
				D22870EB23FEAD59005297F2 /* Release */,
			);
			defaultConfigurationIsVisible = 0;
			defaultConfigurationName = Release;
		};
/* End XCConfigurationList section */
	};
	rootObject = D22870C523FEAD56005297F2 /* Project object */;
}
